
Microsoft Visual Studio Solution File, Format Version 12.00
# Visual Studio Version 16
VisualStudioVersion = 16.0.31321.278
MinimumVisualStudioVersion = 10.0.40219.1
Project("{FAE04EC0-301F-11D3-BF4B-00C04F79EFBC}") = "CSharp.LINQ.Study", "CSharp.LINQ.Study.csproj", "{3A26E69F-9793-48BB-A981-F376D63D670F}"
EndProject
Global
	GlobalSection(SolutionConfigurationPlatforms) = preSolution
		Debug|Any CPU = Debug|Any CPU
		Release|Any CPU = Release|Any CPU
	EndGlobalSection
	GlobalSection(ProjectConfigurationPlatforms) = postSolution
		{3A26E69F-9793-48BB-A981-F376D63D670F}.Debug|Any CPU.ActiveCfg = Debug|Any CPU
		{3A26E69F-9793-48BB-A981-F376D63D670F}.Debug|Any CPU.Build.0 = Debug|Any CPU
		{3A26E69F-9793-48BB-A981-F376D63D670F}.Release|Any CPU.ActiveCfg = Release|Any CPU
		{3A26E69F-9793-48BB-A981-F376D63D670F}.Release|Any CPU.Build.0 = Release|Any CPU
	EndGlobalSection
	GlobalSection(SolutionProperties) = preSolution
		HideSolutionNode = FALSE
	EndGlobalSection
	GlobalSection(ExtensibilityGlobals) = postSolution
		SolutionGuid = {7B8B2C4B-BA67-42FE-AFFA-8655772C3176}
	EndGlobalSection
EndGlobal
